// !$*UTF8*$!
{
	archiveVersion = 1;
	classes = {
	};
	objectVersion = 56;
	objects = {

/* Begin PBXBuildFile section */
		774B1DAF2B8359AF001A9467 /* DogListApp.swift in Sources */ = {isa = PBXBuildFile; fileRef = 774B1DAE2B8359AF001A9467 /* DogListApp.swift */; };
		774B1DB32B8359B2001A9467 /* Assets.xcassets in Resources */ = {isa = PBXBuildFile; fileRef = 774B1DB22B8359B2001A9467 /* Assets.xcassets */; };
		774B1DB62B8359B2001A9467 /* Preview Assets.xcassets in Resources */ = {isa = PBXBuildFile; fileRef = 774B1DB52B8359B2001A9467 /* Preview Assets.xcassets */; };
		774B1DBD2B835A72001A9467 /* SplashScreenView.swift in Sources */ = {isa = PBXBuildFile; fileRef = 774B1DBC2B835A72001A9467 /* SplashScreenView.swift */; };
		774B1DCB2B837A9E001A9467 /* NetworkClient.swift in Sources */ = {isa = PBXBuildFile; fileRef = 774B1DCA2B837A9E001A9467 /* NetworkClient.swift */; };
		774B1DCD2B837AAF001A9467 /* HTTPClient.swift in Sources */ = {isa = PBXBuildFile; fileRef = 774B1DCC2B837AAF001A9467 /* HTTPClient.swift */; };
		774B1DCF2B837AC9001A9467 /* RequestError.swift in Sources */ = {isa = PBXBuildFile; fileRef = 774B1DCE2B837AC9001A9467 /* RequestError.swift */; };
		774B1DD12B837AE0001A9467 /* RequestMethod.swift in Sources */ = {isa = PBXBuildFile; fileRef = 774B1DD02B837AE0001A9467 /* RequestMethod.swift */; };
		774B1DD32B837AED001A9467 /* Endpoint.swift in Sources */ = {isa = PBXBuildFile; fileRef = 774B1DD22B837AED001A9467 /* Endpoint.swift */; };
		774B1DD62B837B21001A9467 /* Breed.swift in Sources */ = {isa = PBXBuildFile; fileRef = 774B1DD52B837B20001A9467 /* Breed.swift */; };
		774B1DD82B837B3E001A9467 /* BreedResponse.swift in Sources */ = {isa = PBXBuildFile; fileRef = 774B1DD72B837B3E001A9467 /* BreedResponse.swift */; };
		774B1DDA2B837B60001A9467 /* BreedEndPoint.swift in Sources */ = {isa = PBXBuildFile; fileRef = 774B1DD92B837B60001A9467 /* BreedEndPoint.swift */; };
		774B1DDC2B837B70001A9467 /* BreedViewModel.swift in Sources */ = {isa = PBXBuildFile; fileRef = 774B1DDB2B837B70001A9467 /* BreedViewModel.swift */; };
		774B1DDE2B837B93001A9467 /* BreedView.swift in Sources */ = {isa = PBXBuildFile; fileRef = 774B1DDD2B837B93001A9467 /* BreedView.swift */; };
		774B1DE02B837BB4001A9467 /* BreedViewRow.swift in Sources */ = {isa = PBXBuildFile; fileRef = 774B1DDF2B837BB4001A9467 /* BreedViewRow.swift */; };
/* End PBXBuildFile section */

/* Begin PBXFileReference section */
		774B1DAB2B8359AF001A9467 /* DogList.app */ = {isa = PBXFileReference; explicitFileType = wrapper.application; includeInIndex = 0; path = DogList.app; sourceTree = BUILT_PRODUCTS_DIR; };
		774B1DAE2B8359AF001A9467 /* DogListApp.swift */ = {isa = PBXFileReference; lastKnownFileType = sourcecode.swift; path = DogListApp.swift; sourceTree = "<group>"; };
		774B1DB22B8359B2001A9467 /* Assets.xcassets */ = {isa = PBXFileReference; lastKnownFileType = folder.assetcatalog; path = Assets.xcassets; sourceTree = "<group>"; };
		774B1DB52B8359B2001A9467 /* Preview Assets.xcassets */ = {isa = PBXFileReference; lastKnownFileType = folder.assetcatalog; path = "Preview Assets.xcassets"; sourceTree = "<group>"; };
		774B1DBC2B835A72001A9467 /* SplashScreenView.swift */ = {isa = PBXFileReference; lastKnownFileType = sourcecode.swift; path = SplashScreenView.swift; sourceTree = "<group>"; };
		774B1DCA2B837A9E001A9467 /* NetworkClient.swift */ = {isa = PBXFileReference; lastKnownFileType = sourcecode.swift; path = NetworkClient.swift; sourceTree = "<group>"; };
		774B1DCC2B837AAF001A9467 /* HTTPClient.swift */ = {isa = PBXFileReference; lastKnownFileType = sourcecode.swift; path = HTTPClient.swift; sourceTree = "<group>"; };
		774B1DCE2B837AC9001A9467 /* RequestError.swift */ = {isa = PBXFileReference; lastKnownFileType = sourcecode.swift; path = RequestError.swift; sourceTree = "<group>"; };
		774B1DD02B837AE0001A9467 /* RequestMethod.swift */ = {isa = PBXFileReference; lastKnownFileType = sourcecode.swift; path = RequestMethod.swift; sourceTree = "<group>"; };
		774B1DD22B837AED001A9467 /* Endpoint.swift */ = {isa = PBXFileReference; lastKnownFileType = sourcecode.swift; path = Endpoint.swift; sourceTree = "<group>"; };
		774B1DD52B837B20001A9467 /* Breed.swift */ = {isa = PBXFileReference; lastKnownFileType = sourcecode.swift; path = Breed.swift; sourceTree = "<group>"; };
		774B1DD72B837B3E001A9467 /* BreedResponse.swift */ = {isa = PBXFileReference; lastKnownFileType = sourcecode.swift; path = BreedResponse.swift; sourceTree = "<group>"; };
		774B1DD92B837B60001A9467 /* BreedEndPoint.swift */ = {isa = PBXFileReference; lastKnownFileType = sourcecode.swift; path = BreedEndPoint.swift; sourceTree = "<group>"; };
		774B1DDB2B837B70001A9467 /* BreedViewModel.swift */ = {isa = PBXFileReference; lastKnownFileType = sourcecode.swift; path = BreedViewModel.swift; sourceTree = "<group>"; };
		774B1DDD2B837B93001A9467 /* BreedView.swift */ = {isa = PBXFileReference; lastKnownFileType = sourcecode.swift; path = BreedView.swift; sourceTree = "<group>"; };
		774B1DDF2B837BB4001A9467 /* BreedViewRow.swift */ = {isa = PBXFileReference; lastKnownFileType = sourcecode.swift; path = BreedViewRow.swift; sourceTree = "<group>"; };
/* End PBXFileReference section */

/* Begin PBXFrameworksBuildPhase section */
		774B1DA82B8359AF001A9467 /* Frameworks */ = {
			isa = PBXFrameworksBuildPhase;
			buildActionMask = 2147483647;
			files = (
			);
			runOnlyForDeploymentPostprocessing = 0;
		};
/* End PBXFrameworksBuildPhase section */

/* Begin PBXGroup section */
		774B1DA22B8359AF001A9467 = {
			isa = PBXGroup;
			children = (
				774B1DAD2B8359AF001A9467 /* DogList */,
				774B1DAC2B8359AF001A9467 /* Products */,
			);
			sourceTree = "<group>";
		};
		774B1DAC2B8359AF001A9467 /* Products */ = {
			isa = PBXGroup;
			children = (
				774B1DAB2B8359AF001A9467 /* DogList.app */,
			);
			name = Products;
			sourceTree = "<group>";
		};
		774B1DAD2B8359AF001A9467 /* DogList */ = {
			isa = PBXGroup;
			children = (
				774B1DBC2B835A72001A9467 /* SplashScreenView.swift */,
				774B1DD42B837B14001A9467 /* Breeds */,
				774B1DC92B837A7E001A9467 /* Network */,
				774B1DBE2B8365F6001A9467 /* Model */,
				774B1DAE2B8359AF001A9467 /* DogListApp.swift */,
				774B1DB22B8359B2001A9467 /* Assets.xcassets */,
				774B1DB42B8359B2001A9467 /* Preview Content */,
			);
			path = DogList;
			sourceTree = "<group>";
		};
		774B1DB42B8359B2001A9467 /* Preview Content */ = {
			isa = PBXGroup;
			children = (
				774B1DB52B8359B2001A9467 /* Preview Assets.xcassets */,
			);
			path = "Preview Content";
			sourceTree = "<group>";
		};
		774B1DBE2B8365F6001A9467 /* Model */ = {
			isa = PBXGroup;
			children = (
			);
			path = Model;
			sourceTree = "<group>";
		};
		774B1DC92B837A7E001A9467 /* Network */ = {
			isa = PBXGroup;
			children = (
				774B1DD22B837AED001A9467 /* Endpoint.swift */,
				774B1DD02B837AE0001A9467 /* RequestMethod.swift */,
				774B1DCE2B837AC9001A9467 /* RequestError.swift */,
				774B1DCC2B837AAF001A9467 /* HTTPClient.swift */,
				774B1DCA2B837A9E001A9467 /* NetworkClient.swift */,
			);
			path = Network;
			sourceTree = "<group>";
		};
		774B1DD42B837B14001A9467 /* Breeds */ = {
			isa = PBXGroup;
			children = (
				774B1DD52B837B20001A9467 /* Breed.swift */,
				774B1DD72B837B3E001A9467 /* BreedResponse.swift */,
				774B1DD92B837B60001A9467 /* BreedEndPoint.swift */,
				774B1DDB2B837B70001A9467 /* BreedViewModel.swift */,
				774B1DDD2B837B93001A9467 /* BreedView.swift */,
				774B1DDF2B837BB4001A9467 /* BreedViewRow.swift */,
			);
			path = Breeds;
			sourceTree = "<group>";
		};
/* End PBXGroup section */

/* Begin PBXNativeTarget section */
		774B1DAA2B8359AF001A9467 /* DogList */ = {
			isa = PBXNativeTarget;
			buildConfigurationList = 774B1DB92B8359B2001A9467 /* Build configuration list for PBXNativeTarget "DogList" */;
			buildPhases = (
				774B1DA72B8359AF001A9467 /* Sources */,
				774B1DA82B8359AF001A9467 /* Frameworks */,
				774B1DA92B8359AF001A9467 /* Resources */,
			);
			buildRules = (
			);
			dependencies = (
			);
			name = DogList;
			productName = DogList;
			productReference = 774B1DAB2B8359AF001A9467 /* DogList.app */;
			productType = "com.apple.product-type.application";
		};
/* End PBXNativeTarget section */

/* Begin PBXProject section */
		774B1DA32B8359AF001A9467 /* Project object */ = {
			isa = PBXProject;
			attributes = {
				BuildIndependentTargetsInParallel = 1;
				LastSwiftUpdateCheck = 1520;
				LastUpgradeCheck = 1520;
				TargetAttributes = {
					774B1DAA2B8359AF001A9467 = {
						CreatedOnToolsVersion = 15.2;
					};
				};
			};
			buildConfigurationList = 774B1DA62B8359AF001A9467 /* Build configuration list for PBXProject "DogList" */;
			compatibilityVersion = "Xcode 14.0";
			developmentRegion = en;
			hasScannedForEncodings = 0;
			knownRegions = (
				en,
				Base,
			);
			mainGroup = 774B1DA22B8359AF001A9467;
			productRefGroup = 774B1DAC2B8359AF001A9467 /* Products */;
			projectDirPath = "";
			projectRoot = "";
			targets = (
				774B1DAA2B8359AF001A9467 /* DogList */,
			);
		};
/* End PBXProject section */

/* Begin PBXResourcesBuildPhase section */
		774B1DA92B8359AF001A9467 /* Resources */ = {
			isa = PBXResourcesBuildPhase;
			buildActionMask = 2147483647;
			files = (
				774B1DB62B8359B2001A9467 /* Preview Assets.xcassets in Resources */,
				774B1DB32B8359B2001A9467 /* Assets.xcassets in Resources */,
			);
			runOnlyForDeploymentPostprocessing = 0;
		};
/* End PBXResourcesBuildPhase section */

/* Begin PBXSourcesBuildPhase section */
		774B1DA72B8359AF001A9467 /* Sources */ = {
			isa = PBXSourcesBuildPhase;
			buildActionMask = 2147483647;
			files = (
				774B1DE02B837BB4001A9467 /* BreedViewRow.swift in Sources */,
				774B1DD62B837B21001A9467 /* Breed.swift in Sources */,
				774B1DDC2B837B70001A9467 /* BreedViewModel.swift in Sources */,
				774B1DD82B837B3E001A9467 /* BreedResponse.swift in Sources */,
				774B1DD12B837AE0001A9467 /* RequestMethod.swift in Sources */,
				774B1DD32B837AED001A9467 /* Endpoint.swift in Sources */,
				774B1DDE2B837B93001A9467 /* BreedView.swift in Sources */,
				774B1DCF2B837AC9001A9467 /* RequestError.swift in Sources */,
				774B1DCB2B837A9E001A9467 /* NetworkClient.swift in Sources */,
				774B1DCD2B837AAF001A9467 /* HTTPClient.swift in Sources */,
				774B1DDA2B837B60001A9467 /* BreedEndPoint.swift in Sources */,
				774B1DAF2B8359AF001A9467 /* DogListApp.swift in Sources */,
				774B1DBD2B835A72001A9467 /* SplashScreenView.swift in Sources */,
			);
			runOnlyForDeploymentPostprocessing = 0;
		};
/* End PBXSourcesBuildPhase section */

/* Begin XCBuildConfiguration section */
		774B1DB72B8359B2001A9467 /* Debug */ = {
			isa = XCBuildConfiguration;
			buildSettings = {
				ALWAYS_SEARCH_USER_PATHS = NO;
				ASSETCATALOG_COMPILER_GENERATE_SWIFT_ASSET_SYMBOL_EXTENSIONS = YES;
				CLANG_ANALYZER_NONNULL = YES;
				CLANG_ANALYZER_NUMBER_OBJECT_CONVERSION = YES_AGGRESSIVE;
				CLANG_CXX_LANGUAGE_STANDARD = "gnu++20";
				CLANG_ENABLE_MODULES = YES;
				CLANG_ENABLE_OBJC_ARC = YES;
				CLANG_ENABLE_OBJC_WEAK = YES;
				CLANG_WARN_BLOCK_CAPTURE_AUTORELEASING = YES;
				CLANG_WARN_BOOL_CONVERSION = YES;
				CLANG_WARN_COMMA = YES;
				CLANG_WARN_CONSTANT_CONVERSION = YES;
				CLANG_WARN_DEPRECATED_OBJC_IMPLEMENTATIONS = YES;
				CLANG_WARN_DIRECT_OBJC_ISA_USAGE = YES_ERROR;
				CLANG_WARN_DOCUMENTATION_COMMENTS = YES;
				CLANG_WARN_EMPTY_BODY = YES;
				CLANG_WARN_ENUM_CONVERSION = YES;
				CLANG_WARN_INFINITE_RECURSION = YES;
				CLANG_WARN_INT_CONVERSION = YES;
				CLANG_WARN_NON_LITERAL_NULL_CONVERSION = YES;
				CLANG_WARN_OBJC_IMPLICIT_RETAIN_SELF = YES;
				CLANG_WARN_OBJC_LITERAL_CONVERSION = YES;
				CLANG_WARN_OBJC_ROOT_CLASS = YES_ERROR;
				CLANG_WARN_QUOTED_INCLUDE_IN_FRAMEWORK_HEADER = YES;
				CLANG_WARN_RANGE_LOOP_ANALYSIS = YES;
				CLANG_WARN_STRICT_PROTOTYPES = YES;
				CLANG_WARN_SUSPICIOUS_MOVE = YES;
				CLANG_WARN_UNGUARDED_AVAILABILITY = YES_AGGRESSIVE;
				CLANG_WARN_UNREACHABLE_CODE = YES;
				CLANG_WARN__DUPLICATE_METHOD_MATCH = YES;
				COPY_PHASE_STRIP = NO;
				DEBUG_INFORMATION_FORMAT = dwarf;
				ENABLE_STRICT_OBJC_MSGSEND = YES;
				ENABLE_TESTABILITY = YES;
				ENABLE_USER_SCRIPT_SANDBOXING = YES;
				GCC_C_LANGUAGE_STANDARD = gnu17;
				GCC_DYNAMIC_NO_PIC = NO;
				GCC_NO_COMMON_BLOCKS = YES;
				GCC_OPTIMIZATION_LEVEL = 0;
				GCC_PREPROCESSOR_DEFINITIONS = (
					"DEBUG=1",
					"$(inherited)",
				);
				GCC_WARN_64_TO_32_BIT_CONVERSION = YES;
				GCC_WARN_ABOUT_RETURN_TYPE = YES_ERROR;
				GCC_WARN_UNDECLARED_SELECTOR = YES;
				GCC_WARN_UNINITIALIZED_AUTOS = YES_AGGRESSIVE;
				GCC_WARN_UNUSED_FUNCTION = YES;
				GCC_WARN_UNUSED_VARIABLE = YES;
				IPHONEOS_DEPLOYMENT_TARGET = 17.2;
				LOCALIZATION_PREFERS_STRING_CATALOGS = YES;
				MTL_ENABLE_DEBUG_INFO = INCLUDE_SOURCE;
				MTL_FAST_MATH = YES;
				ONLY_ACTIVE_ARCH = YES;
				SDKROOT = iphoneos;
				SWIFT_ACTIVE_COMPILATION_CONDITIONS = "DEBUG $(inherited)";
				SWIFT_OPTIMIZATION_LEVEL = "-Onone";
			};
			name = Debug;
		};
		774B1DB82B8359B2001A9467 /* Release */ = {
			isa = XCBuildConfiguration;
			buildSettings = {
				ALWAYS_SEARCH_USER_PATHS = NO;
				ASSETCATALOG_COMPILER_GENERATE_SWIFT_ASSET_SYMBOL_EXTENSIONS = YES;
				CLANG_ANALYZER_NONNULL = YES;
				CLANG_ANALYZER_NUMBER_OBJECT_CONVERSION = YES_AGGRESSIVE;
				CLANG_CXX_LANGUAGE_STANDARD = "gnu++20";
				CLANG_ENABLE_MODULES = YES;
				CLANG_ENABLE_OBJC_ARC = YES;
				CLANG_ENABLE_OBJC_WEAK = YES;
				CLANG_WARN_BLOCK_CAPTURE_AUTORELEASING = YES;
				CLANG_WARN_BOOL_CONVERSION = YES;
				CLANG_WARN_COMMA = YES;
				CLANG_WARN_CONSTANT_CONVERSION = YES;
				CLANG_WARN_DEPRECATED_OBJC_IMPLEMENTATIONS = YES;
				CLANG_WARN_DIRECT_OBJC_ISA_USAGE = YES_ERROR;
				CLANG_WARN_DOCUMENTATION_COMMENTS = YES;
				CLANG_WARN_EMPTY_BODY = YES;
				CLANG_WARN_ENUM_CONVERSION = YES;
				CLANG_WARN_INFINITE_RECURSION = YES;
				CLANG_WARN_INT_CONVERSION = YES;
				CLANG_WARN_NON_LITERAL_NULL_CONVERSION = YES;
				CLANG_WARN_OBJC_IMPLICIT_RETAIN_SELF = YES;
				CLANG_WARN_OBJC_LITERAL_CONVERSION = YES;
				CLANG_WARN_OBJC_ROOT_CLASS = YES_ERROR;
				CLANG_WARN_QUOTED_INCLUDE_IN_FRAMEWORK_HEADER = YES;
				CLANG_WARN_RANGE_LOOP_ANALYSIS = YES;
				CLANG_WARN_STRICT_PROTOTYPES = YES;
				CLANG_WARN_SUSPICIOUS_MOVE = YES;
				CLANG_WARN_UNGUARDED_AVAILABILITY = YES_AGGRESSIVE;
				CLANG_WARN_UNREACHABLE_CODE = YES;
				CLANG_WARN__DUPLICATE_METHOD_MATCH = YES;
				COPY_PHASE_STRIP = NO;
				DEBUG_INFORMATION_FORMAT = "dwarf-with-dsym";
				ENABLE_NS_ASSERTIONS = NO;
				ENABLE_STRICT_OBJC_MSGSEND = YES;
				ENABLE_USER_SCRIPT_SANDBOXING = YES;
				GCC_C_LANGUAGE_STANDARD = gnu17;
				GCC_NO_COMMON_BLOCKS = YES;
				GCC_WARN_64_TO_32_BIT_CONVERSION = YES;
				GCC_WARN_ABOUT_RETURN_TYPE = YES_ERROR;
				GCC_WARN_UNDECLARED_SELECTOR = YES;
				GCC_WARN_UNINITIALIZED_AUTOS = YES_AGGRESSIVE;
				GCC_WARN_UNUSED_FUNCTION = YES;
				GCC_WARN_UNUSED_VARIABLE = YES;
				IPHONEOS_DEPLOYMENT_TARGET = 17.2;
				LOCALIZATION_PREFERS_STRING_CATALOGS = YES;
				MTL_ENABLE_DEBUG_INFO = NO;
				MTL_FAST_MATH = YES;
				SDKROOT = iphoneos;
				SWIFT_COMPILATION_MODE = wholemodule;
				VALIDATE_PRODUCT = YES;
			};
			name = Release;
		};
		774B1DBA2B8359B2001A9467 /* Debug */ = {
			isa = XCBuildConfiguration;
			buildSettings = {
				ASSETCATALOG_COMPILER_APPICON_NAME = AppIcon;
				ASSETCATALOG_COMPILER_GLOBAL_ACCENT_COLOR_NAME = AccentColor;
				CODE_SIGN_STYLE = Automatic;
				CURRENT_PROJECT_VERSION = 1;
				DEVELOPMENT_ASSET_PATHS = "\"DogList/Preview Content\"";
				ENABLE_PREVIEWS = YES;
				GENERATE_INFOPLIST_FILE = YES;
				INFOPLIST_KEY_UIApplicationSceneManifest_Generation = YES;
				INFOPLIST_KEY_UIApplicationSupportsIndirectInputEvents = YES;
				INFOPLIST_KEY_UILaunchScreen_Generation = YES;
				INFOPLIST_KEY_UISupportedInterfaceOrientations_iPad = "UIInterfaceOrientationPortrait UIInterfaceOrientationPortraitUpsideDown UIInterfaceOrientationLandscapeLeft UIInterfaceOrientationLandscapeRight";
				INFOPLIST_KEY_UISupportedInterfaceOrientations_iPhone = "UIInterfaceOrientationPortrait UIInterfaceOrientationLandscapeLeft UIInterfaceOrientationLandscapeRight";
				LD_RUNPATH_SEARCH_PATHS = (
					"$(inherited)",
					"@executable_path/Frameworks",
				);
				MARKETING_VERSION = 1.0;
				PRODUCT_BUNDLE_IDENTIFIER = com.DogList;
				PRODUCT_NAME = "$(TARGET_NAME)";
				SWIFT_EMIT_LOC_STRINGS = YES;
				SWIFT_VERSION = 5.0;
				TARGETED_DEVICE_FAMILY = "1,2";
			};
			name = Debug;
		};
		774B1DBB2B8359B2001A9467 /* Release */ = {
			isa = XCBuildConfiguration;
			buildSettings = {
				ASSETCATALOG_COMPILER_APPICON_NAME = AppIcon;
				ASSETCATALOG_COMPILER_GLOBAL_ACCENT_COLOR_NAME = AccentColor;
				CODE_SIGN_STYLE = Automatic;
				CURRENT_PROJECT_VERSION = 1;
				DEVELOPMENT_ASSET_PATHS = "\"DogList/Preview Content\"";
				ENABLE_PREVIEWS = YES;
				GENERATE_INFOPLIST_FILE = YES;
				INFOPLIST_KEY_UIApplicationSceneManifest_Generation = YES;
				INFOPLIST_KEY_UIApplicationSupportsIndirectInputEvents = YES;
				INFOPLIST_KEY_UILaunchScreen_Generation = YES;
				INFOPLIST_KEY_UISupportedInterfaceOrientations_iPad = "UIInterfaceOrientationPortrait UIInterfaceOrientationPortraitUpsideDown UIInterfaceOrientationLandscapeLeft UIInterfaceOrientationLandscapeRight";
				INFOPLIST_KEY_UISupportedInterfaceOrientations_iPhone = "UIInterfaceOrientationPortrait UIInterfaceOrientationLandscapeLeft UIInterfaceOrientationLandscapeRight";
				LD_RUNPATH_SEARCH_PATHS = (
					"$(inherited)",
					"@executable_path/Frameworks",
				);
				MARKETING_VERSION = 1.0;
				PRODUCT_BUNDLE_IDENTIFIER = com.DogList;
				PRODUCT_NAME = "$(TARGET_NAME)";
				SWIFT_EMIT_LOC_STRINGS = YES;
				SWIFT_VERSION = 5.0;
				TARGETED_DEVICE_FAMILY = "1,2";
			};
			name = Release;
		};
/* End XCBuildConfiguration section */

/* Begin XCConfigurationList section */
		774B1DA62B8359AF001A9467 /* Build configuration list for PBXProject "DogList" */ = {
			isa = XCConfigurationList;
			buildConfigurations = (
				774B1DB72B8359B2001A9467 /* Debug */,
				774B1DB82B8359B2001A9467 /* Release */,
			);
			defaultConfigurationIsVisible = 0;
			defaultConfigurationName = Release;
		};
		774B1DB92B8359B2001A9467 /* Build configuration list for PBXNativeTarget "DogList" */ = {
			isa = XCConfigurationList;
			buildConfigurations = (
				774B1DBA2B8359B2001A9467 /* Debug */,
				774B1DBB2B8359B2001A9467 /* Release */,
			);
			defaultConfigurationIsVisible = 0;
			defaultConfigurationName = Release;
		};
/* End XCConfigurationList section */
	};
	rootObject = 774B1DA32B8359AF001A9467 /* Project object */;
}
